
Microsoft Visual Studio Solution File, Format Version 12.00
# Visual Studio Version 17
VisualStudioVersion = 17.4.33213.308
MinimumVisualStudioVersion = 10.0.40219.1
Project("{9A19103F-16F7-4668-BE54-9A1E7A4F7556}") = "LRAdvanced.DataAccess", "src\LRAdvanced.DataAccess\LRAdvanced.DataAccess.csproj", "{64401108-CFF6-4A69-BDB8-FCE7AE130D3C}"
EndProject
Project("{9A19103F-16F7-4668-BE54-9A1E7A4F7556}") = "LRAdvanced.Domain", "src\LRAdvanced.Domain\LRAdvanced.Domain.csproj", "{A75AFC2D-B88F-4200-AEC2-454A621EDB09}"
EndProject
Project("{9A19103F-16F7-4668-BE54-9A1E7A4F7556}") = "LRAdvanced.Service", "src\LRAdvanced.Service\LRAdvanced.Service.csproj", "{6EC7D219-FD2D-4A21-8C63-988BC9DD7D9F}"
EndProject
Project("{FAE04EC0-301F-11D3-BF4B-00C04F79EFBC}") = "LRAdvanced.UI", "LRAdvanced.UI\LRAdvanced.UI.csproj", "{5FA64768-8318-4652-90E9-AF3C896EC14B}"
EndProject
Global
	GlobalSection(SolutionConfigurationPlatforms) = preSolution
		Debug|Any CPU = Debug|Any CPU
		Release|Any CPU = Release|Any CPU
	EndGlobalSection
	GlobalSection(ProjectConfigurationPlatforms) = postSolution
		{64401108-CFF6-4A69-BDB8-FCE7AE130D3C}.Debug|Any CPU.ActiveCfg = Debug|Any CPU
		{64401108-CFF6-4A69-BDB8-FCE7AE130D3C}.Debug|Any CPU.Build.0 = Debug|Any CPU
		{64401108-CFF6-4A69-BDB8-FCE7AE130D3C}.Release|Any CPU.ActiveCfg = Release|Any CPU
		{64401108-CFF6-4A69-BDB8-FCE7AE130D3C}.Release|Any CPU.Build.0 = Release|Any CPU
		{A75AFC2D-B88F-4200-AEC2-454A621EDB09}.Debug|Any CPU.ActiveCfg = Debug|Any CPU
		{A75AFC2D-B88F-4200-AEC2-454A621EDB09}.Debug|Any CPU.Build.0 = Debug|Any CPU
		{A75AFC2D-B88F-4200-AEC2-454A621EDB09}.Release|Any CPU.ActiveCfg = Release|Any CPU
		{A75AFC2D-B88F-4200-AEC2-454A621EDB09}.Release|Any CPU.Build.0 = Release|Any CPU
		{6EC7D219-FD2D-4A21-8C63-988BC9DD7D9F}.Debug|Any CPU.ActiveCfg = Debug|Any CPU
		{6EC7D219-FD2D-4A21-8C63-988BC9DD7D9F}.Debug|Any CPU.Build.0 = Debug|Any CPU
		{6EC7D219-FD2D-4A21-8C63-988BC9DD7D9F}.Release|Any CPU.ActiveCfg = Release|Any CPU
		{6EC7D219-FD2D-4A21-8C63-988BC9DD7D9F}.Release|Any CPU.Build.0 = Release|Any CPU
		{5FA64768-8318-4652-90E9-AF3C896EC14B}.Debug|Any CPU.ActiveCfg = Debug|Any CPU
		{5FA64768-8318-4652-90E9-AF3C896EC14B}.Debug|Any CPU.Build.0 = Debug|Any CPU
		{5FA64768-8318-4652-90E9-AF3C896EC14B}.Release|Any CPU.ActiveCfg = Release|Any CPU
		{5FA64768-8318-4652-90E9-AF3C896EC14B}.Release|Any CPU.Build.0 = Release|Any CPU
	EndGlobalSection
	GlobalSection(SolutionProperties) = preSolution
		HideSolutionNode = FALSE
	EndGlobalSection
	GlobalSection(ExtensibilityGlobals) = postSolution
		SolutionGuid = {103DED1C-2BC8-4C9A-81C0-981BC267717E}
	EndGlobalSection
EndGlobal
